
Microsoft Visual Studio Solution File, Format Version 12.00
# Visual Studio Version 17
VisualStudioVersion = 17.0.31903.59
MinimumVisualStudioVersion = 10.0.40219.1
Project("{2150E333-8FDC-42A3-9474-1A3956D46DE8}") = "src", "src", "{62E3F520-5AD9-4B51-9309-4C47E68F9C60}"
EndProject
Project("{2150E333-8FDC-42A3-9474-1A3956D46DE8}") = "SharedKernel", "SharedKernel", "{D693D251-DC90-4068-AB16-265BFE6044F1}"
EndProject
Project("{FAE04EC0-301F-11D3-BF4B-00C04F79EFBC}") = "HealthMonitoring.SharedKernel", "src\SharedKernel\HealthMonitoring.SharedKernel\HealthMonitoring.SharedKernel.csproj", "{7F4D3353-8F66-4679-817B-B05435FF31DC}"
EndProject
Project("{2150E333-8FDC-42A3-9474-1A3956D46DE8}") = "Identity", "Identity", "{7C97DEDD-3027-434B-B003-FFA7F67EEA91}"
EndProject
Project("{FAE04EC0-301F-11D3-BF4B-00C04F79EFBC}") = "HealthMonitoring.Identity.Domain", "src\Identity\HealthMonitoring.Identity.Domain\HealthMonitoring.Identity.Domain.csproj", "{A9E32E1B-E6D8-4BE2-A5FC-34B9B625C533}"
EndProject
Project("{FAE04EC0-301F-11D3-BF4B-00C04F79EFBC}") = "HealthMonitoring.Identity.Infrastructure", "src\Identity\HealthMonitoring.Identity.Infrastructure\HealthMonitoring.Identity.Infrastructure.csproj", "{467D53AB-14E7-4FA1-9A5C-D8D40F5214CF}"
EndProject
Project("{FAE04EC0-301F-11D3-BF4B-00C04F79EFBC}") = "HealthMonitoring.Identity.Application", "src\Identity\HealthMonitoring.Identity.Application\HealthMonitoring.Identity.Application.csproj", "{95B29A90-E76C-471C-BB82-5408223129A1}"
EndProject
Project("{FAE04EC0-301F-11D3-BF4B-00C04F79EFBC}") = "HealthMonitoring.Identity.API", "src\Identity\HealthMonitoring.Identity.API\HealthMonitoring.Identity.API.csproj", "{284325D5-CC63-4D9E-9955-A3E5E876BA5C}"
EndProject
Project("{2150E333-8FDC-42A3-9474-1A3956D46DE8}") = "Organisation", "Organisation", "{E9628743-79DB-90C9-0761-1B58DB0EEC29}"
EndProject
Project("{FAE04EC0-301F-11D3-BF4B-00C04F79EFBC}") = "HealthMonitoring.Organisation", "src\Organisation\HealthMonitoring.Organisation\HealthMonitoring.Organisation.csproj", "{AD011AEF-4392-418D-8DA2-09306541E72B}"
EndProject
Project("{2150E333-8FDC-42A3-9474-1A3956D46DE8}") = "Patient", "Patient", "{E7ABD711-F0B2-3829-6999-E49CA05E44F8}"
EndProject
Project("{FAE04EC0-301F-11D3-BF4B-00C04F79EFBC}") = "HealthMonitoring.Patient", "src\Patient\HealthMonitoring.Patient\HealthMonitoring.Patient.csproj", "{CC603EC4-0789-4DE0-B4F9-2CAFE29826E5}"
EndProject
Project("{2150E333-8FDC-42A3-9474-1A3956D46DE8}") = "ApiGateway", "ApiGateway", "{631D4AC9-06C2-8083-3887-D3BD29CBE59B}"
EndProject
Project("{FAE04EC0-301F-11D3-BF4B-00C04F79EFBC}") = "HealthMonitoring.ApiGateway", "src\ApiGateway\HealthMonitoring.ApiGateway\HealthMonitoring.ApiGateway.csproj", "{7A096A79-40C2-4F42-BE56-DF4C0A0A74C2}"
EndProject
Global
	GlobalSection(SolutionConfigurationPlatforms) = preSolution
		Debug|Any CPU = Debug|Any CPU
		Debug|x64 = Debug|x64
		Debug|x86 = Debug|x86
		Release|Any CPU = Release|Any CPU
		Release|x64 = Release|x64
		Release|x86 = Release|x86
	EndGlobalSection
	GlobalSection(ProjectConfigurationPlatforms) = postSolution
		{7F4D3353-8F66-4679-817B-B05435FF31DC}.Debug|Any CPU.ActiveCfg = Debug|Any CPU
		{7F4D3353-8F66-4679-817B-B05435FF31DC}.Debug|Any CPU.Build.0 = Debug|Any CPU
		{7F4D3353-8F66-4679-817B-B05435FF31DC}.Debug|x64.ActiveCfg = Debug|Any CPU
		{7F4D3353-8F66-4679-817B-B05435FF31DC}.Debug|x64.Build.0 = Debug|Any CPU
		{7F4D3353-8F66-4679-817B-B05435FF31DC}.Debug|x86.ActiveCfg = Debug|Any CPU
		{7F4D3353-8F66-4679-817B-B05435FF31DC}.Debug|x86.Build.0 = Debug|Any CPU
		{7F4D3353-8F66-4679-817B-B05435FF31DC}.Release|Any CPU.ActiveCfg = Release|Any CPU
		{7F4D3353-8F66-4679-817B-B05435FF31DC}.Release|Any CPU.Build.0 = Release|Any CPU
		{7F4D3353-8F66-4679-817B-B05435FF31DC}.Release|x64.ActiveCfg = Release|Any CPU
		{7F4D3353-8F66-4679-817B-B05435FF31DC}.Release|x64.Build.0 = Release|Any CPU
		{7F4D3353-8F66-4679-817B-B05435FF31DC}.Release|x86.ActiveCfg = Release|Any CPU
		{7F4D3353-8F66-4679-817B-B05435FF31DC}.Release|x86.Build.0 = Release|Any CPU
		{A9E32E1B-E6D8-4BE2-A5FC-34B9B625C533}.Debug|Any CPU.ActiveCfg = Debug|Any CPU
		{A9E32E1B-E6D8-4BE2-A5FC-34B9B625C533}.Debug|Any CPU.Build.0 = Debug|Any CPU
		{A9E32E1B-E6D8-4BE2-A5FC-34B9B625C533}.Debug|x64.ActiveCfg = Debug|Any CPU
		{A9E32E1B-E6D8-4BE2-A5FC-34B9B625C533}.Debug|x64.Build.0 = Debug|Any CPU
		{A9E32E1B-E6D8-4BE2-A5FC-34B9B625C533}.Debug|x86.ActiveCfg = Debug|Any CPU
		{A9E32E1B-E6D8-4BE2-A5FC-34B9B625C533}.Debug|x86.Build.0 = Debug|Any CPU
		{A9E32E1B-E6D8-4BE2-A5FC-34B9B625C533}.Release|Any CPU.ActiveCfg = Release|Any CPU
		{A9E32E1B-E6D8-4BE2-A5FC-34B9B625C533}.Release|Any CPU.Build.0 = Release|Any CPU
		{A9E32E1B-E6D8-4BE2-A5FC-34B9B625C533}.Release|x64.ActiveCfg = Release|Any CPU
		{A9E32E1B-E6D8-4BE2-A5FC-34B9B625C533}.Release|x64.Build.0 = Release|Any CPU
		{A9E32E1B-E6D8-4BE2-A5FC-34B9B625C533}.Release|x86.ActiveCfg = Release|Any CPU
		{A9E32E1B-E6D8-4BE2-A5FC-34B9B625C533}.Release|x86.Build.0 = Release|Any CPU
		{467D53AB-14E7-4FA1-9A5C-D8D40F5214CF}.Debug|Any CPU.ActiveCfg = Debug|Any CPU
		{467D53AB-14E7-4FA1-9A5C-D8D40F5214CF}.Debug|Any CPU.Build.0 = Debug|Any CPU
		{467D53AB-14E7-4FA1-9A5C-D8D40F5214CF}.Debug|x64.ActiveCfg = Debug|Any CPU
		{467D53AB-14E7-4FA1-9A5C-D8D40F5214CF}.Debug|x64.Build.0 = Debug|Any CPU
		{467D53AB-14E7-4FA1-9A5C-D8D40F5214CF}.Debug|x86.ActiveCfg = Debug|Any CPU
		{467D53AB-14E7-4FA1-9A5C-D8D40F5214CF}.Debug|x86.Build.0 = Debug|Any CPU
		{467D53AB-14E7-4FA1-9A5C-D8D40F5214CF}.Release|Any CPU.ActiveCfg = Release|Any CPU
		{467D53AB-14E7-4FA1-9A5C-D8D40F5214CF}.Release|Any CPU.Build.0 = Release|Any CPU
		{467D53AB-14E7-4FA1-9A5C-D8D40F5214CF}.Release|x64.ActiveCfg = Release|Any CPU
		{467D53AB-14E7-4FA1-9A5C-D8D40F5214CF}.Release|x64.Build.0 = Release|Any CPU
		{467D53AB-14E7-4FA1-9A5C-D8D40F5214CF}.Release|x86.ActiveCfg = Release|Any CPU
		{467D53AB-14E7-4FA1-9A5C-D8D40F5214CF}.Release|x86.Build.0 = Release|Any CPU
		{95B29A90-E76C-471C-BB82-5408223129A1}.Debug|Any CPU.ActiveCfg = Debug|Any CPU
		{95B29A90-E76C-471C-BB82-5408223129A1}.Debug|Any CPU.Build.0 = Debug|Any CPU
		{95B29A90-E76C-471C-BB82-5408223129A1}.Debug|x64.ActiveCfg = Debug|Any CPU
		{95B29A90-E76C-471C-BB82-5408223129A1}.Debug|x64.Build.0 = Debug|Any CPU
		{95B29A90-E76C-471C-BB82-5408223129A1}.Debug|x86.ActiveCfg = Debug|Any CPU
		{95B29A90-E76C-471C-BB82-5408223129A1}.Debug|x86.Build.0 = Debug|Any CPU
		{95B29A90-E76C-471C-BB82-5408223129A1}.Release|Any CPU.ActiveCfg = Release|Any CPU
		{95B29A90-E76C-471C-BB82-5408223129A1}.Release|Any CPU.Build.0 = Release|Any CPU
		{95B29A90-E76C-471C-BB82-5408223129A1}.Release|x64.ActiveCfg = Release|Any CPU
		{95B29A90-E76C-471C-BB82-5408223129A1}.Release|x64.Build.0 = Release|Any CPU
		{95B29A90-E76C-471C-BB82-5408223129A1}.Release|x86.ActiveCfg = Release|Any CPU
		{95B29A90-E76C-471C-BB82-5408223129A1}.Release|x86.Build.0 = Release|Any CPU
		{284325D5-CC63-4D9E-9955-A3E5E876BA5C}.Debug|Any CPU.ActiveCfg = Debug|Any CPU
		{284325D5-CC63-4D9E-9955-A3E5E876BA5C}.Debug|Any CPU.Build.0 = Debug|Any CPU
		{284325D5-CC63-4D9E-9955-A3E5E876BA5C}.Debug|x64.ActiveCfg = Debug|Any CPU
		{284325D5-CC63-4D9E-9955-A3E5E876BA5C}.Debug|x64.Build.0 = Debug|Any CPU
		{284325D5-CC63-4D9E-9955-A3E5E876BA5C}.Debug|x86.ActiveCfg = Debug|Any CPU
		{284325D5-CC63-4D9E-9955-A3E5E876BA5C}.Debug|x86.Build.0 = Debug|Any CPU
		{284325D5-CC63-4D9E-9955-A3E5E876BA5C}.Release|Any CPU.ActiveCfg = Release|Any CPU
		{284325D5-CC63-4D9E-9955-A3E5E876BA5C}.Release|Any CPU.Build.0 = Release|Any CPU
		{284325D5-CC63-4D9E-9955-A3E5E876BA5C}.Release|x64.ActiveCfg = Release|Any CPU
		{284325D5-CC63-4D9E-9955-A3E5E876BA5C}.Release|x64.Build.0 = Release|Any CPU
		{284325D5-CC63-4D9E-9955-A3E5E876BA5C}.Release|x86.ActiveCfg = Release|Any CPU
		{284325D5-CC63-4D9E-9955-A3E5E876BA5C}.Release|x86.Build.0 = Release|Any CPU
		{AD011AEF-4392-418D-8DA2-09306541E72B}.Debug|Any CPU.ActiveCfg = Debug|Any CPU
		{AD011AEF-4392-418D-8DA2-09306541E72B}.Debug|Any CPU.Build.0 = Debug|Any CPU
		{AD011AEF-4392-418D-8DA2-09306541E72B}.Debug|x64.ActiveCfg = Debug|Any CPU
		{AD011AEF-4392-418D-8DA2-09306541E72B}.Debug|x64.Build.0 = Debug|Any CPU
		{AD011AEF-4392-418D-8DA2-09306541E72B}.Debug|x86.ActiveCfg = Debug|Any CPU
		{AD011AEF-4392-418D-8DA2-09306541E72B}.Debug|x86.Build.0 = Debug|Any CPU
		{AD011AEF-4392-418D-8DA2-09306541E72B}.Release|Any CPU.ActiveCfg = Release|Any CPU
		{AD011AEF-4392-418D-8DA2-09306541E72B}.Release|Any CPU.Build.0 = Release|Any CPU
		{AD011AEF-4392-418D-8DA2-09306541E72B}.Release|x64.ActiveCfg = Release|Any CPU
		{AD011AEF-4392-418D-8DA2-09306541E72B}.Release|x64.Build.0 = Release|Any CPU
		{AD011AEF-4392-418D-8DA2-09306541E72B}.Release|x86.ActiveCfg = Release|Any CPU
		{AD011AEF-4392-418D-8DA2-09306541E72B}.Release|x86.Build.0 = Release|Any CPU
		{CC603EC4-0789-4DE0-B4F9-2CAFE29826E5}.Debug|Any CPU.ActiveCfg = Debug|Any CPU
		{CC603EC4-0789-4DE0-B4F9-2CAFE29826E5}.Debug|Any CPU.Build.0 = Debug|Any CPU
		{CC603EC4-0789-4DE0-B4F9-2CAFE29826E5}.Debug|x64.ActiveCfg = Debug|Any CPU
		{CC603EC4-0789-4DE0-B4F9-2CAFE29826E5}.Debug|x64.Build.0 = Debug|Any CPU
		{CC603EC4-0789-4DE0-B4F9-2CAFE29826E5}.Debug|x86.ActiveCfg = Debug|Any CPU
		{CC603EC4-0789-4DE0-B4F9-2CAFE29826E5}.Debug|x86.Build.0 = Debug|Any CPU
		{CC603EC4-0789-4DE0-B4F9-2CAFE29826E5}.Release|Any CPU.ActiveCfg = Release|Any CPU
		{CC603EC4-0789-4DE0-B4F9-2CAFE29826E5}.Release|Any CPU.Build.0 = Release|Any CPU
		{CC603EC4-0789-4DE0-B4F9-2CAFE29826E5}.Release|x64.ActiveCfg = Release|Any CPU
		{CC603EC4-0789-4DE0-B4F9-2CAFE29826E5}.Release|x64.Build.0 = Release|Any CPU
		{CC603EC4-0789-4DE0-B4F9-2CAFE29826E5}.Release|x86.ActiveCfg = Release|Any CPU
		{CC603EC4-0789-4DE0-B4F9-2CAFE29826E5}.Release|x86.Build.0 = Release|Any CPU
		{7A096A79-40C2-4F42-BE56-DF4C0A0A74C2}.Debug|Any CPU.ActiveCfg = Debug|Any CPU
		{7A096A79-40C2-4F42-BE56-DF4C0A0A74C2}.Debug|Any CPU.Build.0 = Debug|Any CPU
		{7A096A79-40C2-4F42-BE56-DF4C0A0A74C2}.Debug|x64.ActiveCfg = Debug|Any CPU
		{7A096A79-40C2-4F42-BE56-DF4C0A0A74C2}.Debug|x64.Build.0 = Debug|Any CPU
		{7A096A79-40C2-4F42-BE56-DF4C0A0A74C2}.Debug|x86.ActiveCfg = Debug|Any CPU
		{7A096A79-40C2-4F42-BE56-DF4C0A0A74C2}.Debug|x86.Build.0 = Debug|Any CPU
		{7A096A79-40C2-4F42-BE56-DF4C0A0A74C2}.Release|Any CPU.ActiveCfg = Release|Any CPU
		{7A096A79-40C2-4F42-BE56-DF4C0A0A74C2}.Release|Any CPU.Build.0 = Release|Any CPU
		{7A096A79-40C2-4F42-BE56-DF4C0A0A74C2}.Release|x64.ActiveCfg = Release|Any CPU
		{7A096A79-40C2-4F42-BE56-DF4C0A0A74C2}.Release|x64.Build.0 = Release|Any CPU
		{7A096A79-40C2-4F42-BE56-DF4C0A0A74C2}.Release|x86.ActiveCfg = Release|Any CPU
		{7A096A79-40C2-4F42-BE56-DF4C0A0A74C2}.Release|x86.Build.0 = Release|Any CPU
	EndGlobalSection
	GlobalSection(SolutionProperties) = preSolution
		HideSolutionNode = FALSE
	EndGlobalSection
	GlobalSection(NestedProjects) = preSolution
		{D693D251-DC90-4068-AB16-265BFE6044F1} = {62E3F520-5AD9-4B51-9309-4C47E68F9C60}
		{7F4D3353-8F66-4679-817B-B05435FF31DC} = {D693D251-DC90-4068-AB16-265BFE6044F1}
		{7C97DEDD-3027-434B-B003-FFA7F67EEA91} = {62E3F520-5AD9-4B51-9309-4C47E68F9C60}
		{A9E32E1B-E6D8-4BE2-A5FC-34B9B625C533} = {7C97DEDD-3027-434B-B003-FFA7F67EEA91}
		{467D53AB-14E7-4FA1-9A5C-D8D40F5214CF} = {7C97DEDD-3027-434B-B003-FFA7F67EEA91}
		{95B29A90-E76C-471C-BB82-5408223129A1} = {7C97DEDD-3027-434B-B003-FFA7F67EEA91}
		{284325D5-CC63-4D9E-9955-A3E5E876BA5C} = {7C97DEDD-3027-434B-B003-FFA7F67EEA91}
		{E9628743-79DB-90C9-0761-1B58DB0EEC29} = {62E3F520-5AD9-4B51-9309-4C47E68F9C60}
		{AD011AEF-4392-418D-8DA2-09306541E72B} = {E9628743-79DB-90C9-0761-1B58DB0EEC29}
		{E7ABD711-F0B2-3829-6999-E49CA05E44F8} = {62E3F520-5AD9-4B51-9309-4C47E68F9C60}
		{CC603EC4-0789-4DE0-B4F9-2CAFE29826E5} = {E7ABD711-F0B2-3829-6999-E49CA05E44F8}
		{631D4AC9-06C2-8083-3887-D3BD29CBE59B} = {62E3F520-5AD9-4B51-9309-4C47E68F9C60}
		{7A096A79-40C2-4F42-BE56-DF4C0A0A74C2} = {631D4AC9-06C2-8083-3887-D3BD29CBE59B}
	EndGlobalSection
EndGlobal
